{
  "object": {
    "pins": [
      {
        "package": "InstantSearchClient",
        "repositoryURL": "https://github.com/algolia/algoliasearch-client-swift",
        "state": {
          "branch": null,
          "revision": "ef949269c6119a69ed574edb8ccecd67b2e1cf38",
          "version": "7.0.3"
        }
      },
      {
        "package": "InstantSearchCore",
        "repositoryURL": "https://github.com/algolia/instantsearch-core-swift",
        "state": {
          "branch": "feat/search-suggestions",
          "revision": "b50d895a8d09951521be508b43aa0acf5a49896a",
          "version": null
        }
      },
      {
        "package": "InstantSearchInsights",
        "repositoryURL": "https://github.com/algolia/instantsearch-ios-insights",
        "state": {
          "branch": null,
          "revision": "1d2f3462b36980c86fdf86529520fc655293b6e4",
          "version": "2.3.2"
        }
      }
    ]
  },
  "version": 1
}
