{
  "object": {
    "pins": [
      {
        "package": "AlgoliaSearchClientSwift",
        "repositoryURL": "https://github.com/algolia/algoliasearch-client-swift",
        "state": {
          "branch": null,
          "revision": "96b87ca5b12ce863a0e2a5b45d27a17cef0cea2a",
          "version": "8.0.0-beta.6"
        }
      },
      {
        "package": "InstantSearchInsights",
        "repositoryURL": "https://github.com/algolia/instantsearch-ios-insights",
        "state": {
          "branch": null,
          "revision": "1d2f3462b36980c86fdf86529520fc655293b6e4",
          "version": "2.3.2"
        }
      },
      {
        "package": "swift-log",
        "repositoryURL": "https://github.com/apple/swift-log.git",
        "state": {
          "branch": null,
          "revision": "74d7b91ceebc85daf387ebb206003f78813f71aa",
          "version": "1.2.0"
        }
      }
    ]
  },
  "version": 1
}
