PODS:
  - AlgoliaSearch-Client-Swift (4.8.1)
  - InstantSearch-Core-Swift (2.0.0-beta1):
    - AlgoliaSearch-Client-Swift (~> 4.0)
  - SwiftLint (0.20.0)

DEPENDENCIES:
  - InstantSearch-Core-Swift (~> 2.0.0-beta1)
  - SwiftLint

SPEC CHECKSUMS:
  AlgoliaSearch-Client-Swift: 5bdfbc8727f203773245e2410edd7a9c8e831637
  InstantSearch-Core-Swift: 39baf4378e48028ce3f7137cfc3067ad80e7b732
  SwiftLint: 3f7543509c931d1291395335f34e245d3919b7f2

PODFILE CHECKSUM: d5c8339bbff057165381f7491ae5e0469f4de34b

COCOAPODS: 1.2.0
