PODS:
  - AlgoliaSearch-Client-Swift (4.8)
  - InstantSearch-Core-Swift (1.0):
    - AlgoliaSearch-Client-Swift (~> 4.0)

DEPENDENCIES:
  - InstantSearch-Core-Swift (from `/Users/guydaher/Developer/Algolia/iOS/instantsearch-core-swift`)

EXTERNAL SOURCES:
  InstantSearch-Core-Swift:
    :path: /Users/guydaher/Developer/Algolia/iOS/instantsearch-core-swift

SPEC CHECKSUMS:
  AlgoliaSearch-Client-Swift: 03af7c37bd8a9cf7a92ea9498a9e79862c3d455b
  InstantSearch-Core-Swift: c0c088acabf2da91b14d138677128cec689c2e77

PODFILE CHECKSUM: 89e9c261d647ae22c01686dae5408b50449e9a95

COCOAPODS: 1.2.0
